// !$*UTF8*$!
{
	archiveVersion = 1;
	classes = {
	};
	objectVersion = 56;
	objects = {

/* Begin PBXBuildFile section */
		71AE5F032B0504F5007508CB /* HealtcareApp.swift in Sources */ = {isa = PBXBuildFile; fileRef = 71AE5F022B0504F5007508CB /* HealtcareApp.swift */; };
		71AE5F052B0504F5007508CB /* ContentView.swift in Sources */ = {isa = PBXBuildFile; fileRef = 71AE5F042B0504F5007508CB /* ContentView.swift */; };
		71AE5F072B0504F6007508CB /* Assets.xcassets in Resources */ = {isa = PBXBuildFile; fileRef = 71AE5F062B0504F6007508CB /* Assets.xcassets */; };
		71AE5F0A2B0504F6007508CB /* Preview Assets.xcassets in Resources */ = {isa = PBXBuildFile; fileRef = 71AE5F092B0504F6007508CB /* Preview Assets.xcassets */; };
		71E0535C2B050B890048BBB8 /* ViewAttributes.swift in Sources */ = {isa = PBXBuildFile; fileRef = 71E0535B2B050B890048BBB8 /* ViewAttributes.swift */; };
		71E0535E2B050D270048BBB8 /* ExtentionView.swift in Sources */ = {isa = PBXBuildFile; fileRef = 71E0535D2B050D270048BBB8 /* ExtentionView.swift */; };
		71E0536D2B050FDA0048BBB8 /* gilroy-black.ttf in Resources */ = {isa = PBXBuildFile; fileRef = 71E053642B050FDA0048BBB8 /* gilroy-black.ttf */; };
		71E0536E2B050FDA0048BBB8 /* gilroy-regular.ttf in Resources */ = {isa = PBXBuildFile; fileRef = 71E053652B050FDA0048BBB8 /* gilroy-regular.ttf */; };
		71E0536F2B050FDA0048BBB8 /* gilroy-light.ttf in Resources */ = {isa = PBXBuildFile; fileRef = 71E053662B050FDA0048BBB8 /* gilroy-light.ttf */; };
		71E053702B050FDA0048BBB8 /* gilroy-semibold.ttf in Resources */ = {isa = PBXBuildFile; fileRef = 71E053672B050FDA0048BBB8 /* gilroy-semibold.ttf */; };
		71E053712B050FDA0048BBB8 /* gilroy-thin.ttf in Resources */ = {isa = PBXBuildFile; fileRef = 71E053682B050FDA0048BBB8 /* gilroy-thin.ttf */; };
		71E053722B050FDA0048BBB8 /* gilroy-extrabold.ttf in Resources */ = {isa = PBXBuildFile; fileRef = 71E053692B050FDA0048BBB8 /* gilroy-extrabold.ttf */; };
		71E053732B050FDA0048BBB8 /* gilroy-medium.ttf in Resources */ = {isa = PBXBuildFile; fileRef = 71E0536A2B050FDA0048BBB8 /* gilroy-medium.ttf */; };
		71E053742B050FDA0048BBB8 /* gilroy-ultralight.ttf in Resources */ = {isa = PBXBuildFile; fileRef = 71E0536B2B050FDA0048BBB8 /* gilroy-ultralight.ttf */; };
		71E053752B050FDA0048BBB8 /* gilroy-bold.ttf in Resources */ = {isa = PBXBuildFile; fileRef = 71E0536C2B050FDA0048BBB8 /* gilroy-bold.ttf */; };
		71E053822B0511B40048BBB8 /* Constants.swift in Sources */ = {isa = PBXBuildFile; fileRef = 71E053812B0511B40048BBB8 /* Constants.swift */; };
/* End PBXBuildFile section */

/* Begin PBXFileReference section */
		71AE5EFF2B0504F5007508CB /* Healtcare.app */ = {isa = PBXFileReference; explicitFileType = wrapper.application; includeInIndex = 0; path = Healtcare.app; sourceTree = BUILT_PRODUCTS_DIR; };
		71AE5F022B0504F5007508CB /* HealtcareApp.swift */ = {isa = PBXFileReference; lastKnownFileType = sourcecode.swift; path = HealtcareApp.swift; sourceTree = "<group>"; };
		71AE5F042B0504F5007508CB /* ContentView.swift */ = {isa = PBXFileReference; lastKnownFileType = sourcecode.swift; path = ContentView.swift; sourceTree = "<group>"; };
		71AE5F062B0504F6007508CB /* Assets.xcassets */ = {isa = PBXFileReference; lastKnownFileType = folder.assetcatalog; path = Assets.xcassets; sourceTree = "<group>"; };
		71AE5F092B0504F6007508CB /* Preview Assets.xcassets */ = {isa = PBXFileReference; lastKnownFileType = folder.assetcatalog; path = "Preview Assets.xcassets"; sourceTree = "<group>"; };
		71E0535B2B050B890048BBB8 /* ViewAttributes.swift */ = {isa = PBXFileReference; lastKnownFileType = sourcecode.swift; path = ViewAttributes.swift; sourceTree = "<group>"; };
		71E0535D2B050D270048BBB8 /* ExtentionView.swift */ = {isa = PBXFileReference; lastKnownFileType = sourcecode.swift; path = ExtentionView.swift; sourceTree = "<group>"; };
		71E053642B050FDA0048BBB8 /* gilroy-black.ttf */ = {isa = PBXFileReference; lastKnownFileType = file; path = "gilroy-black.ttf"; sourceTree = "<group>"; };
		71E053652B050FDA0048BBB8 /* gilroy-regular.ttf */ = {isa = PBXFileReference; lastKnownFileType = file; path = "gilroy-regular.ttf"; sourceTree = "<group>"; };
		71E053662B050FDA0048BBB8 /* gilroy-light.ttf */ = {isa = PBXFileReference; lastKnownFileType = file; path = "gilroy-light.ttf"; sourceTree = "<group>"; };
		71E053672B050FDA0048BBB8 /* gilroy-semibold.ttf */ = {isa = PBXFileReference; lastKnownFileType = file; path = "gilroy-semibold.ttf"; sourceTree = "<group>"; };
		71E053682B050FDA0048BBB8 /* gilroy-thin.ttf */ = {isa = PBXFileReference; lastKnownFileType = file; path = "gilroy-thin.ttf"; sourceTree = "<group>"; };
		71E053692B050FDA0048BBB8 /* gilroy-extrabold.ttf */ = {isa = PBXFileReference; lastKnownFileType = file; path = "gilroy-extrabold.ttf"; sourceTree = "<group>"; };
		71E0536A2B050FDA0048BBB8 /* gilroy-medium.ttf */ = {isa = PBXFileReference; lastKnownFileType = file; path = "gilroy-medium.ttf"; sourceTree = "<group>"; };
		71E0536B2B050FDA0048BBB8 /* gilroy-ultralight.ttf */ = {isa = PBXFileReference; lastKnownFileType = file; path = "gilroy-ultralight.ttf"; sourceTree = "<group>"; };
		71E0536C2B050FDA0048BBB8 /* gilroy-bold.ttf */ = {isa = PBXFileReference; lastKnownFileType = file; path = "gilroy-bold.ttf"; sourceTree = "<group>"; };
		71E053772B0510B80048BBB8 /* proximanova-black.otf */ = {isa = PBXFileReference; lastKnownFileType = file; path = "proximanova-black.otf"; sourceTree = "<group>"; };
		71E053782B0510B80048BBB8 /* proximanova-medium.otf */ = {isa = PBXFileReference; lastKnownFileType = file; path = "proximanova-medium.otf"; sourceTree = "<group>"; };
		71E053792B0510B80048BBB8 /* proximanova-regular.otf */ = {isa = PBXFileReference; lastKnownFileType = file; path = "proximanova-regular.otf"; sourceTree = "<group>"; };
		71E0537A2B0510B80048BBB8 /* proximanova-thin.otf */ = {isa = PBXFileReference; lastKnownFileType = file; path = "proximanova-thin.otf"; sourceTree = "<group>"; };
		71E0537B2B0510B80048BBB8 /* proximanova-semibold.otf */ = {isa = PBXFileReference; lastKnownFileType = file; path = "proximanova-semibold.otf"; sourceTree = "<group>"; };
		71E0537C2B0510B80048BBB8 /* proximanova-light.otf */ = {isa = PBXFileReference; lastKnownFileType = file; path = "proximanova-light.otf"; sourceTree = "<group>"; };
		71E0537D2B0510B80048BBB8 /* proximanova-extrabold.otf */ = {isa = PBXFileReference; lastKnownFileType = file; path = "proximanova-extrabold.otf"; sourceTree = "<group>"; };
		71E0537E2B0510B80048BBB8 /* proximanova-bold.otf */ = {isa = PBXFileReference; lastKnownFileType = file; path = "proximanova-bold.otf"; sourceTree = "<group>"; };
		71E0537F2B0511540048BBB8 /* Info.plist */ = {isa = PBXFileReference; lastKnownFileType = text.plist.xml; path = Info.plist; sourceTree = "<group>"; };
		71E053812B0511B40048BBB8 /* Constants.swift */ = {isa = PBXFileReference; lastKnownFileType = sourcecode.swift; path = Constants.swift; sourceTree = "<group>"; };
/* End PBXFileReference section */

/* Begin PBXFrameworksBuildPhase section */
		71AE5EFC2B0504F5007508CB /* Frameworks */ = {
			isa = PBXFrameworksBuildPhase;
			buildActionMask = 2147483647;
			files = (
			);
			runOnlyForDeploymentPostprocessing = 0;
		};
/* End PBXFrameworksBuildPhase section */

/* Begin PBXGroup section */
		71AE5EF62B0504F5007508CB = {
			isa = PBXGroup;
			children = (
				71AE5F012B0504F5007508CB /* Healtcare */,
				71AE5F002B0504F5007508CB /* Products */,
			);
			sourceTree = "<group>";
		};
		71AE5F002B0504F5007508CB /* Products */ = {
			isa = PBXGroup;
			children = (
				71AE5EFF2B0504F5007508CB /* Healtcare.app */,
			);
			name = Products;
			sourceTree = "<group>";
		};
		71AE5F012B0504F5007508CB /* Healtcare */ = {
			isa = PBXGroup;
			children = (
				71E053832B05172A0048BBB8 /* Base */,
				71E053842B0517630048BBB8 /* Features */,
				71E0535F2B050E610048BBB8 /* Resources */,
				71E053582B050ADA0048BBB8 /* Utilities */,
				71AE5F082B0504F6007508CB /* Preview Content */,
			);
			path = Healtcare;
			sourceTree = "<group>";
		};
		71AE5F082B0504F6007508CB /* Preview Content */ = {
			isa = PBXGroup;
			children = (
				71AE5F092B0504F6007508CB /* Preview Assets.xcassets */,
			);
			path = "Preview Content";
			sourceTree = "<group>";
		};
		71E053582B050ADA0048BBB8 /* Utilities */ = {
			isa = PBXGroup;
			children = (
				71E0535A2B050B670048BBB8 /* Enum */,
				71E053592B050AF50048BBB8 /* Extention */,
			);
			path = Utilities;
			sourceTree = "<group>";
		};
		71E053592B050AF50048BBB8 /* Extention */ = {
			isa = PBXGroup;
			children = (
				71E0535D2B050D270048BBB8 /* ExtentionView.swift */,
			);
			path = Extention;
			sourceTree = "<group>";
		};
		71E0535A2B050B670048BBB8 /* Enum */ = {
			isa = PBXGroup;
			children = (
				71E053812B0511B40048BBB8 /* Constants.swift */,
				71E0535B2B050B890048BBB8 /* ViewAttributes.swift */,
			);
			path = Enum;
			sourceTree = "<group>";
		};
		71E0535F2B050E610048BBB8 /* Resources */ = {
			isa = PBXGroup;
			children = (
				71AE5F062B0504F6007508CB /* Assets.xcassets */,
				71E053602B050E690048BBB8 /* Fonts */,
			);
			path = Resources;
			sourceTree = "<group>";
		};
		71E053602B050E690048BBB8 /* Fonts */ = {
			isa = PBXGroup;
			children = (
				71E053762B05101D0048BBB8 /* Proxima Nova */,
				71E053632B050FCC0048BBB8 /* Gilory */,
			);
			path = Fonts;
			sourceTree = "<group>";
		};
		71E053632B050FCC0048BBB8 /* Gilory */ = {
			isa = PBXGroup;
			children = (
				71E053642B050FDA0048BBB8 /* gilroy-black.ttf */,
				71E0536C2B050FDA0048BBB8 /* gilroy-bold.ttf */,
				71E053692B050FDA0048BBB8 /* gilroy-extrabold.ttf */,
				71E053662B050FDA0048BBB8 /* gilroy-light.ttf */,
				71E0536A2B050FDA0048BBB8 /* gilroy-medium.ttf */,
				71E053652B050FDA0048BBB8 /* gilroy-regular.ttf */,
				71E053672B050FDA0048BBB8 /* gilroy-semibold.ttf */,
				71E053682B050FDA0048BBB8 /* gilroy-thin.ttf */,
				71E0536B2B050FDA0048BBB8 /* gilroy-ultralight.ttf */,
			);
			path = Gilory;
			sourceTree = "<group>";
		};
		71E053762B05101D0048BBB8 /* Proxima Nova */ = {
			isa = PBXGroup;
			children = (
				71E053772B0510B80048BBB8 /* proximanova-black.otf */,
				71E0537E2B0510B80048BBB8 /* proximanova-bold.otf */,
				71E0537D2B0510B80048BBB8 /* proximanova-extrabold.otf */,
				71E0537C2B0510B80048BBB8 /* proximanova-light.otf */,
				71E053782B0510B80048BBB8 /* proximanova-medium.otf */,
				71E053792B0510B80048BBB8 /* proximanova-regular.otf */,
				71E0537B2B0510B80048BBB8 /* proximanova-semibold.otf */,
				71E0537A2B0510B80048BBB8 /* proximanova-thin.otf */,
			);
			path = "Proxima Nova";
			sourceTree = "<group>";
		};
		71E053832B05172A0048BBB8 /* Base */ = {
			isa = PBXGroup;
			children = (
				71E0537F2B0511540048BBB8 /* Info.plist */,
				71AE5F022B0504F5007508CB /* HealtcareApp.swift */,
			);
			path = Base;
			sourceTree = "<group>";
		};
		71E053842B0517630048BBB8 /* Features */ = {
			isa = PBXGroup;
			children = (
				71AE5F042B0504F5007508CB /* ContentView.swift */,
			);
			path = Features;
			sourceTree = "<group>";
		};
/* End PBXGroup section */

/* Begin PBXNativeTarget section */
		71AE5EFE2B0504F5007508CB /* Healtcare */ = {
			isa = PBXNativeTarget;
			buildConfigurationList = 71AE5F0D2B0504F6007508CB /* Build configuration list for PBXNativeTarget "Healtcare" */;
			buildPhases = (
				71AE5EFB2B0504F5007508CB /* Sources */,
				71AE5EFC2B0504F5007508CB /* Frameworks */,
				71AE5EFD2B0504F5007508CB /* Resources */,
			);
			buildRules = (
			);
			dependencies = (
			);
			name = Healtcare;
			productName = Healtcare;
			productReference = 71AE5EFF2B0504F5007508CB /* Healtcare.app */;
			productType = "com.apple.product-type.application";
		};
/* End PBXNativeTarget section */

/* Begin PBXProject section */
		71AE5EF72B0504F5007508CB /* Project object */ = {
			isa = PBXProject;
			attributes = {
				BuildIndependentTargetsInParallel = 1;
				LastSwiftUpdateCheck = 1420;
				LastUpgradeCheck = 1420;
				TargetAttributes = {
					71AE5EFE2B0504F5007508CB = {
						CreatedOnToolsVersion = 14.2;
					};
				};
			};
			buildConfigurationList = 71AE5EFA2B0504F5007508CB /* Build configuration list for PBXProject "Healtcare" */;
			compatibilityVersion = "Xcode 14.0";
			developmentRegion = en;
			hasScannedForEncodings = 0;
			knownRegions = (
				en,
				Base,
			);
			mainGroup = 71AE5EF62B0504F5007508CB;
			productRefGroup = 71AE5F002B0504F5007508CB /* Products */;
			projectDirPath = "";
			projectRoot = "";
			targets = (
				71AE5EFE2B0504F5007508CB /* Healtcare */,
			);
		};
/* End PBXProject section */

/* Begin PBXResourcesBuildPhase section */
		71AE5EFD2B0504F5007508CB /* Resources */ = {
			isa = PBXResourcesBuildPhase;
			buildActionMask = 2147483647;
			files = (
				71E053722B050FDA0048BBB8 /* gilroy-extrabold.ttf in Resources */,
				71E0536E2B050FDA0048BBB8 /* gilroy-regular.ttf in Resources */,
				71E053712B050FDA0048BBB8 /* gilroy-thin.ttf in Resources */,
				71E053752B050FDA0048BBB8 /* gilroy-bold.ttf in Resources */,
				71E053742B050FDA0048BBB8 /* gilroy-ultralight.ttf in Resources */,
				71E0536D2B050FDA0048BBB8 /* gilroy-black.ttf in Resources */,
				71E0536F2B050FDA0048BBB8 /* gilroy-light.ttf in Resources */,
				71E053702B050FDA0048BBB8 /* gilroy-semibold.ttf in Resources */,
				71E053732B050FDA0048BBB8 /* gilroy-medium.ttf in Resources */,
				71AE5F0A2B0504F6007508CB /* Preview Assets.xcassets in Resources */,
				71AE5F072B0504F6007508CB /* Assets.xcassets in Resources */,
			);
			runOnlyForDeploymentPostprocessing = 0;
		};
/* End PBXResourcesBuildPhase section */

/* Begin PBXSourcesBuildPhase section */
		71AE5EFB2B0504F5007508CB /* Sources */ = {
			isa = PBXSourcesBuildPhase;
			buildActionMask = 2147483647;
			files = (
				71E053822B0511B40048BBB8 /* Constants.swift in Sources */,
				71E0535C2B050B890048BBB8 /* ViewAttributes.swift in Sources */,
				71AE5F052B0504F5007508CB /* ContentView.swift in Sources */,
				71AE5F032B0504F5007508CB /* HealtcareApp.swift in Sources */,
				71E0535E2B050D270048BBB8 /* ExtentionView.swift in Sources */,
			);
			runOnlyForDeploymentPostprocessing = 0;
		};
/* End PBXSourcesBuildPhase section */

/* Begin XCBuildConfiguration section */
		71AE5F0B2B0504F6007508CB /* Debug */ = {
			isa = XCBuildConfiguration;
			buildSettings = {
				ALWAYS_SEARCH_USER_PATHS = NO;
				CLANG_ANALYZER_NONNULL = YES;
				CLANG_ANALYZER_NUMBER_OBJECT_CONVERSION = YES_AGGRESSIVE;
				CLANG_CXX_LANGUAGE_STANDARD = "gnu++20";
				CLANG_ENABLE_MODULES = YES;
				CLANG_ENABLE_OBJC_ARC = YES;
				CLANG_ENABLE_OBJC_WEAK = YES;
				CLANG_WARN_BLOCK_CAPTURE_AUTORELEASING = YES;
				CLANG_WARN_BOOL_CONVERSION = YES;
				CLANG_WARN_COMMA = YES;
				CLANG_WARN_CONSTANT_CONVERSION = YES;
				CLANG_WARN_DEPRECATED_OBJC_IMPLEMENTATIONS = YES;
				CLANG_WARN_DIRECT_OBJC_ISA_USAGE = YES_ERROR;
				CLANG_WARN_DOCUMENTATION_COMMENTS = YES;
				CLANG_WARN_EMPTY_BODY = YES;
				CLANG_WARN_ENUM_CONVERSION = YES;
				CLANG_WARN_INFINITE_RECURSION = YES;
				CLANG_WARN_INT_CONVERSION = YES;
				CLANG_WARN_NON_LITERAL_NULL_CONVERSION = YES;
				CLANG_WARN_OBJC_IMPLICIT_RETAIN_SELF = YES;
				CLANG_WARN_OBJC_LITERAL_CONVERSION = YES;
				CLANG_WARN_OBJC_ROOT_CLASS = YES_ERROR;
				CLANG_WARN_QUOTED_INCLUDE_IN_FRAMEWORK_HEADER = YES;
				CLANG_WARN_RANGE_LOOP_ANALYSIS = YES;
				CLANG_WARN_STRICT_PROTOTYPES = YES;
				CLANG_WARN_SUSPICIOUS_MOVE = YES;
				CLANG_WARN_UNGUARDED_AVAILABILITY = YES_AGGRESSIVE;
				CLANG_WARN_UNREACHABLE_CODE = YES;
				CLANG_WARN__DUPLICATE_METHOD_MATCH = YES;
				COPY_PHASE_STRIP = NO;
				DEBUG_INFORMATION_FORMAT = dwarf;
				ENABLE_STRICT_OBJC_MSGSEND = YES;
				ENABLE_TESTABILITY = YES;
				GCC_C_LANGUAGE_STANDARD = gnu11;
				GCC_DYNAMIC_NO_PIC = NO;
				GCC_NO_COMMON_BLOCKS = YES;
				GCC_OPTIMIZATION_LEVEL = 0;
				GCC_PREPROCESSOR_DEFINITIONS = (
					"DEBUG=1",
					"$(inherited)",
				);
				GCC_WARN_64_TO_32_BIT_CONVERSION = YES;
				GCC_WARN_ABOUT_RETURN_TYPE = YES_ERROR;
				GCC_WARN_UNDECLARED_SELECTOR = YES;
				GCC_WARN_UNINITIALIZED_AUTOS = YES_AGGRESSIVE;
				GCC_WARN_UNUSED_FUNCTION = YES;
				GCC_WARN_UNUSED_VARIABLE = YES;
				IPHONEOS_DEPLOYMENT_TARGET = 16.2;
				MTL_ENABLE_DEBUG_INFO = INCLUDE_SOURCE;
				MTL_FAST_MATH = YES;
				ONLY_ACTIVE_ARCH = YES;
				SDKROOT = iphoneos;
				SWIFT_ACTIVE_COMPILATION_CONDITIONS = DEBUG;
				SWIFT_OPTIMIZATION_LEVEL = "-Onone";
			};
			name = Debug;
		};
		71AE5F0C2B0504F6007508CB /* Release */ = {
			isa = XCBuildConfiguration;
			buildSettings = {
				ALWAYS_SEARCH_USER_PATHS = NO;
				CLANG_ANALYZER_NONNULL = YES;
				CLANG_ANALYZER_NUMBER_OBJECT_CONVERSION = YES_AGGRESSIVE;
				CLANG_CXX_LANGUAGE_STANDARD = "gnu++20";
				CLANG_ENABLE_MODULES = YES;
				CLANG_ENABLE_OBJC_ARC = YES;
				CLANG_ENABLE_OBJC_WEAK = YES;
				CLANG_WARN_BLOCK_CAPTURE_AUTORELEASING = YES;
				CLANG_WARN_BOOL_CONVERSION = YES;
				CLANG_WARN_COMMA = YES;
				CLANG_WARN_CONSTANT_CONVERSION = YES;
				CLANG_WARN_DEPRECATED_OBJC_IMPLEMENTATIONS = YES;
				CLANG_WARN_DIRECT_OBJC_ISA_USAGE = YES_ERROR;
				CLANG_WARN_DOCUMENTATION_COMMENTS = YES;
				CLANG_WARN_EMPTY_BODY = YES;
				CLANG_WARN_ENUM_CONVERSION = YES;
				CLANG_WARN_INFINITE_RECURSION = YES;
				CLANG_WARN_INT_CONVERSION = YES;
				CLANG_WARN_NON_LITERAL_NULL_CONVERSION = YES;
				CLANG_WARN_OBJC_IMPLICIT_RETAIN_SELF = YES;
				CLANG_WARN_OBJC_LITERAL_CONVERSION = YES;
				CLANG_WARN_OBJC_ROOT_CLASS = YES_ERROR;
				CLANG_WARN_QUOTED_INCLUDE_IN_FRAMEWORK_HEADER = YES;
				CLANG_WARN_RANGE_LOOP_ANALYSIS = YES;
				CLANG_WARN_STRICT_PROTOTYPES = YES;
				CLANG_WARN_SUSPICIOUS_MOVE = YES;
				CLANG_WARN_UNGUARDED_AVAILABILITY = YES_AGGRESSIVE;
				CLANG_WARN_UNREACHABLE_CODE = YES;
				CLANG_WARN__DUPLICATE_METHOD_MATCH = YES;
				COPY_PHASE_STRIP = NO;
				DEBUG_INFORMATION_FORMAT = "dwarf-with-dsym";
				ENABLE_NS_ASSERTIONS = NO;
				ENABLE_STRICT_OBJC_MSGSEND = YES;
				GCC_C_LANGUAGE_STANDARD = gnu11;
				GCC_NO_COMMON_BLOCKS = YES;
				GCC_WARN_64_TO_32_BIT_CONVERSION = YES;
				GCC_WARN_ABOUT_RETURN_TYPE = YES_ERROR;
				GCC_WARN_UNDECLARED_SELECTOR = YES;
				GCC_WARN_UNINITIALIZED_AUTOS = YES_AGGRESSIVE;
				GCC_WARN_UNUSED_FUNCTION = YES;
				GCC_WARN_UNUSED_VARIABLE = YES;
				IPHONEOS_DEPLOYMENT_TARGET = 16.2;
				MTL_ENABLE_DEBUG_INFO = NO;
				MTL_FAST_MATH = YES;
				SDKROOT = iphoneos;
				SWIFT_COMPILATION_MODE = wholemodule;
				SWIFT_OPTIMIZATION_LEVEL = "-O";
				VALIDATE_PRODUCT = YES;
			};
			name = Release;
		};
		71AE5F0E2B0504F6007508CB /* Debug */ = {
			isa = XCBuildConfiguration;
			buildSettings = {
				ASSETCATALOG_COMPILER_APPICON_NAME = AppIcon;
				ASSETCATALOG_COMPILER_GLOBAL_ACCENT_COLOR_NAME = AccentColor;
				CODE_SIGN_STYLE = Automatic;
				CURRENT_PROJECT_VERSION = 1;
				DEVELOPMENT_ASSET_PATHS = "\"Healtcare/Preview Content\"";
				DEVELOPMENT_TEAM = HLA46B3S65;
				ENABLE_PREVIEWS = YES;
				GENERATE_INFOPLIST_FILE = YES;
				INFOPLIST_FILE = Healtcare/Info.plist;
				INFOPLIST_KEY_UIApplicationSceneManifest_Generation = YES;
				INFOPLIST_KEY_UIApplicationSupportsIndirectInputEvents = YES;
				INFOPLIST_KEY_UILaunchScreen_Generation = YES;
				INFOPLIST_KEY_UISupportedInterfaceOrientations_iPad = "UIInterfaceOrientationPortrait UIInterfaceOrientationPortraitUpsideDown UIInterfaceOrientationLandscapeLeft UIInterfaceOrientationLandscapeRight";
				INFOPLIST_KEY_UISupportedInterfaceOrientations_iPhone = "UIInterfaceOrientationPortrait UIInterfaceOrientationLandscapeLeft UIInterfaceOrientationLandscapeRight";
				LD_RUNPATH_SEARCH_PATHS = (
					"$(inherited)",
					"@executable_path/Frameworks",
				);
				MARKETING_VERSION = 1.0;
				PRODUCT_BUNDLE_IDENTIFIER = com.id.Healtcare;
				PRODUCT_NAME = "$(TARGET_NAME)";
				SWIFT_EMIT_LOC_STRINGS = YES;
				SWIFT_VERSION = 5.0;
				TARGETED_DEVICE_FAMILY = "1,2";
			};
			name = Debug;
		};
		71AE5F0F2B0504F6007508CB /* Release */ = {
			isa = XCBuildConfiguration;
			buildSettings = {
				ASSETCATALOG_COMPILER_APPICON_NAME = AppIcon;
				ASSETCATALOG_COMPILER_GLOBAL_ACCENT_COLOR_NAME = AccentColor;
				CODE_SIGN_STYLE = Automatic;
				CURRENT_PROJECT_VERSION = 1;
				DEVELOPMENT_ASSET_PATHS = "\"Healtcare/Preview Content\"";
				DEVELOPMENT_TEAM = HLA46B3S65;
				ENABLE_PREVIEWS = YES;
				GENERATE_INFOPLIST_FILE = YES;
				INFOPLIST_FILE = Healtcare/Info.plist;
				INFOPLIST_KEY_UIApplicationSceneManifest_Generation = YES;
				INFOPLIST_KEY_UIApplicationSupportsIndirectInputEvents = YES;
				INFOPLIST_KEY_UILaunchScreen_Generation = YES;
				INFOPLIST_KEY_UISupportedInterfaceOrientations_iPad = "UIInterfaceOrientationPortrait UIInterfaceOrientationPortraitUpsideDown UIInterfaceOrientationLandscapeLeft UIInterfaceOrientationLandscapeRight";
				INFOPLIST_KEY_UISupportedInterfaceOrientations_iPhone = "UIInterfaceOrientationPortrait UIInterfaceOrientationLandscapeLeft UIInterfaceOrientationLandscapeRight";
				LD_RUNPATH_SEARCH_PATHS = (
					"$(inherited)",
					"@executable_path/Frameworks",
				);
				MARKETING_VERSION = 1.0;
				PRODUCT_BUNDLE_IDENTIFIER = com.id.Healtcare;
				PRODUCT_NAME = "$(TARGET_NAME)";
				SWIFT_EMIT_LOC_STRINGS = YES;
				SWIFT_VERSION = 5.0;
				TARGETED_DEVICE_FAMILY = "1,2";
			};
			name = Release;
		};
/* End XCBuildConfiguration section */

/* Begin XCConfigurationList section */
		71AE5EFA2B0504F5007508CB /* Build configuration list for PBXProject "Healtcare" */ = {
			isa = XCConfigurationList;
			buildConfigurations = (
				71AE5F0B2B0504F6007508CB /* Debug */,
				71AE5F0C2B0504F6007508CB /* Release */,
			);
			defaultConfigurationIsVisible = 0;
			defaultConfigurationName = Release;
		};
		71AE5F0D2B0504F6007508CB /* Build configuration list for PBXNativeTarget "Healtcare" */ = {
			isa = XCConfigurationList;
			buildConfigurations = (
				71AE5F0E2B0504F6007508CB /* Debug */,
				71AE5F0F2B0504F6007508CB /* Release */,
			);
			defaultConfigurationIsVisible = 0;
			defaultConfigurationName = Release;
		};
/* End XCConfigurationList section */
	};
	rootObject = 71AE5EF72B0504F5007508CB /* Project object */;
}
